{
  "name": "hamsoo-ui",
  "lockfileVersion": 3,
  "requires": true,
  "packages": {
    "": {
      "dependencies": {
        "@fontsource/vazirmatn": "^5.2.8",
        "@tailwindcss/browser": "^4.2.2",
        "lucide": "^1.7.0"
      },
      "devDependencies": {
        "tailwindcss": "^4.2.2"
      }
    },
    "node_modules/@fontsource/vazirmatn": {
      "version": "5.2.8",
      "resolved": "https://registry.npmjs.org/@fontsource/vazirmatn/-/vazirmatn-5.2.8.tgz",
      "integrity": "sha512-WoDgv8R/y1gwgTS8Q2uL8d2ayeSGNv2IrYQ4wHmJkVwYPb8KVODrqbbvEjBqLOo5WP5kLJIrO06FRDMnSFuCaA==",
      "funding": {
        "url": "https://github.com/sponsors/ayuhito"
      }
    },
    "node_modules/@tailwindcss/browser": {
      "version": "4.2.2",
      "resolved": "https://registry.npmjs.org/@tailwindcss/browser/-/browser-4.2.2.tgz",
      "integrity": "sha512-JVdJBWWtvKxliBI9CtpOrqxgk8aijUWGsn0STxcOcXAYsUFAbOxN5PwawOJ+v0PoQfPcOK9eZoj9LTwvBV0Vmw=="
    },
    "node_modules/lucide": {
      "version": "1.7.0",
      "resolved": "https://registry.npmjs.org/lucide/-/lucide-1.7.0.tgz",
      "integrity": "sha512-aYNogbuIxea3a8offpKjdMGf2FsUk9GECFh0B4iJgXlJOX41+7/ncvLVluKki8477SoybEdyGGf+qGYLBDiEsA=="
    },
    "node_modules/tailwindcss": {
      "version": "4.2.2",
      "resolved": "https://registry.npmjs.org/tailwindcss/-/tailwindcss-4.2.2.tgz",
      "integrity": "sha512-KWBIxs1Xb6NoLdMVqhbhgwZf2PGBpPEiwOqgI4pFIYbNTfBXiKYyWoTsXgBQ9WFg/OlhnvHaY+AEpW7wSmFo2Q==",
      "dev": true
    }
  }
}
